
Microsoft Visual Studio Solution File, Format Version 12.00
# Visual Studio 15
VisualStudioVersion = 15.0.27703.2000
MinimumVisualStudioVersion = 10.0.40219.1
Project("{FAE04EC0-301F-11D3-BF4B-00C04F79EFBC}") = "HomeTask.ServiceProvider", "HomeTask.ServiceProvider\HomeTask.ServiceProvider.csproj", "{70B161D1-73F0-4A44-AB71-AB870F9F0F0C}"
EndProject
Project("{FAE04EC0-301F-11D3-BF4B-00C04F79EFBC}") = "HomeTask.ServiceProvider.BL.Interfaces", "HomeTask.ServiceProvider.BL.Interfaces\HomeTask.ServiceProvider.BL.Interfaces.csproj", "{BF994850-AAD4-4727-AF31-B4BBCE14A9D3}"
EndProject
Project("{FAE04EC0-301F-11D3-BF4B-00C04F79EFBC}") = "HomeTask.ServiceProvider.BL", "HomeTask.ServiceProvider.BL\HomeTask.ServiceProvider.BL.csproj", "{AE90DBE1-CB37-4568-9C10-2E887F9CEE74}"
EndProject
Project("{FAE04EC0-301F-11D3-BF4B-00C04F79EFBC}") = "HomeTask.ServiceProvider.App", "HomeTask.ServiceProvider.App\HomeTask.ServiceProvider.App.csproj", "{7D541AF7-331F-4A22-952C-58974ABD06B7}"
EndProject
Global
	GlobalSection(SolutionConfigurationPlatforms) = preSolution
		Debug|Any CPU = Debug|Any CPU
		Release|Any CPU = Release|Any CPU
	EndGlobalSection
	GlobalSection(ProjectConfigurationPlatforms) = postSolution
		{70B161D1-73F0-4A44-AB71-AB870F9F0F0C}.Debug|Any CPU.ActiveCfg = Debug|Any CPU
		{70B161D1-73F0-4A44-AB71-AB870F9F0F0C}.Debug|Any CPU.Build.0 = Debug|Any CPU
		{70B161D1-73F0-4A44-AB71-AB870F9F0F0C}.Release|Any CPU.ActiveCfg = Release|Any CPU
		{70B161D1-73F0-4A44-AB71-AB870F9F0F0C}.Release|Any CPU.Build.0 = Release|Any CPU
		{BF994850-AAD4-4727-AF31-B4BBCE14A9D3}.Debug|Any CPU.ActiveCfg = Debug|Any CPU
		{BF994850-AAD4-4727-AF31-B4BBCE14A9D3}.Debug|Any CPU.Build.0 = Debug|Any CPU
		{BF994850-AAD4-4727-AF31-B4BBCE14A9D3}.Release|Any CPU.ActiveCfg = Release|Any CPU
		{BF994850-AAD4-4727-AF31-B4BBCE14A9D3}.Release|Any CPU.Build.0 = Release|Any CPU
		{AE90DBE1-CB37-4568-9C10-2E887F9CEE74}.Debug|Any CPU.ActiveCfg = Debug|Any CPU
		{AE90DBE1-CB37-4568-9C10-2E887F9CEE74}.Debug|Any CPU.Build.0 = Debug|Any CPU
		{AE90DBE1-CB37-4568-9C10-2E887F9CEE74}.Release|Any CPU.ActiveCfg = Release|Any CPU
		{AE90DBE1-CB37-4568-9C10-2E887F9CEE74}.Release|Any CPU.Build.0 = Release|Any CPU
		{7D541AF7-331F-4A22-952C-58974ABD06B7}.Debug|Any CPU.ActiveCfg = Debug|Any CPU
		{7D541AF7-331F-4A22-952C-58974ABD06B7}.Debug|Any CPU.Build.0 = Debug|Any CPU
		{7D541AF7-331F-4A22-952C-58974ABD06B7}.Release|Any CPU.ActiveCfg = Release|Any CPU
		{7D541AF7-331F-4A22-952C-58974ABD06B7}.Release|Any CPU.Build.0 = Release|Any CPU
	EndGlobalSection
	GlobalSection(SolutionProperties) = preSolution
		HideSolutionNode = FALSE
	EndGlobalSection
	GlobalSection(ExtensibilityGlobals) = postSolution
		SolutionGuid = {21EC0E0E-9E97-467E-9582-DB16CB2B6275}
	EndGlobalSection
EndGlobal
